
Microsoft Visual Studio Solution File, Format Version 12.00
# Visual Studio 15
VisualStudioVersion = 15.0.27130.2010
MinimumVisualStudioVersion = 10.0.40219.1
Project("{FAE04EC0-301F-11D3-BF4B-00C04F79EFBC}") = "irQm", "irQm\irQm.csproj", "{079850A4-DECD-4801-A936-4B4366E00291}"
EndProject
Global
	GlobalSection(SolutionConfigurationPlatforms) = preSolution
		Debug|Any CPU = Debug|Any CPU
		Release|Any CPU = Release|Any CPU
	EndGlobalSection
	GlobalSection(ProjectConfigurationPlatforms) = postSolution
		{079850A4-DECD-4801-A936-4B4366E00291}.Debug|Any CPU.ActiveCfg = Debug|Any CPU
		{079850A4-DECD-4801-A936-4B4366E00291}.Debug|Any CPU.Build.0 = Debug|Any CPU
		{079850A4-DECD-4801-A936-4B4366E00291}.Release|Any CPU.ActiveCfg = Release|Any CPU
		{079850A4-DECD-4801-A936-4B4366E00291}.Release|Any CPU.Build.0 = Release|Any CPU
	EndGlobalSection
	GlobalSection(SolutionProperties) = preSolution
		HideSolutionNode = FALSE
	EndGlobalSection
	GlobalSection(ExtensibilityGlobals) = postSolution
		SolutionGuid = {D01FA1B7-A938-4099-96D7-A36338D1DAE6}
	EndGlobalSection
EndGlobal
